
Microsoft Visual Studio Solution File, Format Version 11.00
# Visual Studio 2010
Project("{FAE04EC0-301F-11D3-BF4B-00C04F79EFBC}") = "Project", "Project\Project.csproj", "{D2EDD9EB-FB43-4795-AC8A-F94AEA93C56C}"
EndProject
Global
	GlobalSection(SolutionConfigurationPlatforms) = preSolution
		Debug|Any CPU = Debug|Any CPU
		Release|Any CPU = Release|Any CPU
	EndGlobalSection
	GlobalSection(ProjectConfigurationPlatforms) = postSolution
		{D2EDD9EB-FB43-4795-AC8A-F94AEA93C56C}.Debug|Any CPU.ActiveCfg = Debug|Any CPU
		{D2EDD9EB-FB43-4795-AC8A-F94AEA93C56C}.Debug|Any CPU.Build.0 = Debug|Any CPU
		{D2EDD9EB-FB43-4795-AC8A-F94AEA93C56C}.Release|Any CPU.ActiveCfg = Release|Any CPU
		{D2EDD9EB-FB43-4795-AC8A-F94AEA93C56C}.Release|Any CPU.Build.0 = Release|Any CPU
	EndGlobalSection
	GlobalSection(SolutionProperties) = preSolution
		HideSolutionNode = FALSE
	EndGlobalSection
EndGlobal
